
Microsoft Visual Studio Solution File, Format Version 12.00
# Visual Studio Version 16
VisualStudioVersion = 16.0.32228.343
MinimumVisualStudioVersion = 10.0.40219.1
Project("{9A19103F-16F7-4668-BE54-9A1E7A4F7556}") = "RestWithAspNet5Udemy", "RestWithAspNet5Udemy\RestWithAspNet5Udemy.csproj", "{B4650310-D44A-4F62-97AA-14D90BD835C6}"
EndProject
Project("{E53339B2-1760-4266-BCC7-CA923CBCF16C}") = "docker-compose", "docker-compose.dcproj", "{C4929E60-969D-4215-A0FA-04EF94DF5F5F}"
EndProject
Global
	GlobalSection(SolutionConfigurationPlatforms) = preSolution
		Debug|Any CPU = Debug|Any CPU
		Release|Any CPU = Release|Any CPU
	EndGlobalSection
	GlobalSection(ProjectConfigurationPlatforms) = postSolution
		{B4650310-D44A-4F62-97AA-14D90BD835C6}.Debug|Any CPU.ActiveCfg = Debug|Any CPU
		{B4650310-D44A-4F62-97AA-14D90BD835C6}.Debug|Any CPU.Build.0 = Debug|Any CPU
		{B4650310-D44A-4F62-97AA-14D90BD835C6}.Release|Any CPU.ActiveCfg = Release|Any CPU
		{B4650310-D44A-4F62-97AA-14D90BD835C6}.Release|Any CPU.Build.0 = Release|Any CPU
		{C4929E60-969D-4215-A0FA-04EF94DF5F5F}.Debug|Any CPU.ActiveCfg = Debug|Any CPU
		{C4929E60-969D-4215-A0FA-04EF94DF5F5F}.Debug|Any CPU.Build.0 = Debug|Any CPU
		{C4929E60-969D-4215-A0FA-04EF94DF5F5F}.Release|Any CPU.ActiveCfg = Release|Any CPU
		{C4929E60-969D-4215-A0FA-04EF94DF5F5F}.Release|Any CPU.Build.0 = Release|Any CPU
	EndGlobalSection
	GlobalSection(SolutionProperties) = preSolution
		HideSolutionNode = FALSE
	EndGlobalSection
	GlobalSection(ExtensibilityGlobals) = postSolution
		SolutionGuid = {C0249EB9-ADB2-4489-9646-F8EE016CD683}
	EndGlobalSection
EndGlobal
